version = 1
revision = 3
requires-python = ">=3.11"

[[package]]
name = "colorama"
version = "0.4.6"
source = { registry = "https://pypi.org/simple" }
sdist = { url = "https://files.pythonhosted.org/packages/d8/53/6f443c9a4a8358a93a6792e2acffb9d9d5cb0a5cfd8802644b7b1c9a02e4/colorama-0.4.6.tar.gz", hash = "sha256:08695f5cb7ed6e0531a20572697297273c47b8cae5a63ffc6d6ed5c201be6e44", size = 27697, upload-time = "2022-10-25T02:36:22.414Z" }
wheels = [
    { url = "https://files.pythonhosted.org/packages/d1/d6/3965ed04c63042e047cb6a3e6ed1a63a35087b6a609aa3a15ed8ac56c221/colorama-0.4.6-py2.py3-none-any.whl", hash = "sha256:4f1d9991f5acc0ca119f9d443620b77f9d6b33703e51011c16baf57afb285fc6", size = 25335, upload-time = "2022-10-25T02:36:20.889Z" },
]

[[package]]
name = "goalie"
version = "0.0.1"
source = { editable = "." }

[package.optional-dependencies]
develop = [
    { name = "pytest" },
    { name = "ruff" },
    { name = "uv" },
]

[package.metadata]
requires-dist = [
    { name = "pytest", marker = "extra == 'develop'" },
    { name = "ruff", marker = "extra == 'develop'" },
    { name = "uv", marker = "extra == 'develop'" },
]
provides-extras = ["develop"]

[[package]]
name = "iniconfig"
version = "2.3.0"
source = { registry = "https://pypi.org/simple" }
sdist = { url = "https://files.pythonhosted.org/packages/72/34/14ca021ce8e5dfedc35312d08ba8bf51fdd999c576889fc2c24cb97f4f10/iniconfig-2.3.0.tar.gz", hash = "sha256:c76315c77db068650d49c5b56314774a7804df16fee4402c1f19d6d15d8c4730", size = 20503, upload-time = "2025-10-18T21:55:43.219Z" }
wheels = [
    { url = "https://files.pythonhosted.org/packages/cb/b1/3846dd7f199d53cb17f49cba7e651e9ce294d8497c8c150530ed11865bb8/iniconfig-2.3.0-py3-none-any.whl", hash = "sha256:f631c04d2c48c52b84d0d0549c99ff3859c98df65b3101406327ecc7d53fbf12", size = 7484, upload-time = "2025-10-18T21:55:41.639Z" },
]

[[package]]
name = "packaging"
version = "26.0"
source = { registry = "https://pypi.org/simple" }
sdist = { url = "https://files.pythonhosted.org/packages/65/ee/299d360cdc32edc7d2cf530f3accf79c4fca01e96ffc950d8a52213bd8e4/packaging-26.0.tar.gz", hash = "sha256:00243ae351a257117b6a241061796684b084ed1c516a08c48a3f7e147a9d80b4", size = 143416, upload-time = "2026-01-21T20:50:39.064Z" }
wheels = [
    { url = "https://files.pythonhosted.org/packages/b7/b9/c538f279a4e237a006a2c98387d081e9eb060d203d8ed34467cc0f0b9b53/packaging-26.0-py3-none-any.whl", hash = "sha256:b36f1fef9334a5588b4166f8bcd26a14e521f2b55e6b9de3aaa80d3ff7a37529", size = 74366, upload-time = "2026-01-21T20:50:37.788Z" },
]

[[package]]
name = "pluggy"
version = "1.6.0"
source = { registry = "https://pypi.org/simple" }
sdist = { url = "https://files.pythonhosted.org/packages/f9/e2/3e91f31a7d2b083fe6ef3fa267035b518369d9511ffab804f839851d2779/pluggy-1.6.0.tar.gz", hash = "sha256:7dcc130b76258d33b90f61b658791dede3486c3e6bfb003ee5c9bfb396dd22f3", size = 69412, upload-time = "2025-05-15T12:30:07.975Z" }
wheels = [
    { url = "https://files.pythonhosted.org/packages/54/20/4d324d65cc6d9205fabedc306948156824eb9f0ee1633355a8f7ec5c66bf/pluggy-1.6.0-py3-none-any.whl", hash = "sha256:e920276dd6813095e9377c0bc5566d94c932c33b27a3e3945d8389c374dd4746", size = 20538, upload-time = "2025-05-15T12:30:06.134Z" },
]

[[package]]
name = "pygments"
version = "2.20.0"
source = { registry = "https://pypi.org/simple" }
sdist = { url = "https://files.pythonhosted.org/packages/c3/b2/bc9c9196916376152d655522fdcebac55e66de6603a76a02bca1b6414f6c/pygments-2.20.0.tar.gz", hash = "sha256:6757cd03768053ff99f3039c1a36d6c0aa0b263438fcab17520b30a303a82b5f", size = 4955991, upload-time = "2026-03-29T13:29:33.898Z" }
wheels = [
    { url = "https://files.pythonhosted.org/packages/f4/7e/a72dd26f3b0f4f2bf1dd8923c85f7ceb43172af56d63c7383eb62b332364/pygments-2.20.0-py3-none-any.whl", hash = "sha256:81a9e26dd42fd28a23a2d169d86d7ac03b46e2f8b59ed4698fb4785f946d0176", size = 1231151, upload-time = "2026-03-29T13:29:30.038Z" },
]

[[package]]
name = "pytest"
version = "9.0.2"
source = { registry = "https://pypi.org/simple" }
dependencies = [
    { name = "colorama", marker = "sys_platform == 'win32'" },
    { name = "iniconfig" },
    { name = "packaging" },
    { name = "pluggy" },
    { name = "pygments" },
]
sdist = { url = "https://files.pythonhosted.org/packages/d1/db/7ef3487e0fb0049ddb5ce41d3a49c235bf9ad299b6a25d5780a89f19230f/pytest-9.0.2.tar.gz", hash = "sha256:75186651a92bd89611d1d9fc20f0b4345fd827c41ccd5c299a868a05d70edf11", size = 1568901, upload-time = "2025-12-06T21:30:51.014Z" }
wheels = [
    { url = "https://files.pythonhosted.org/packages/3b/ab/b3226f0bd7cdcf710fbede2b3548584366da3b19b5021e74f5bde2a8fa3f/pytest-9.0.2-py3-none-any.whl", hash = "sha256:711ffd45bf766d5264d487b917733b453d917afd2b0ad65223959f59089f875b", size = 374801, upload-time = "2025-12-06T21:30:49.154Z" },
]

[[package]]
name = "ruff"
version = "0.15.1"
source = { registry = "https://pypi.org/simple" }
sdist = { url = "https://files.pythonhosted.org/packages/04/dc/4e6ac71b511b141cf626357a3946679abeba4cf67bc7cc5a17920f31e10d/ruff-0.15.1.tar.gz", hash = "sha256:c590fe13fb57c97141ae975c03a1aedb3d3156030cabd740d6ff0b0d601e203f", size = 4540855, upload-time = "2026-02-12T23:09:09.998Z" }
wheels = [
    { url = "https://files.pythonhosted.org/packages/23/bf/e6e4324238c17f9d9120a9d60aa99a7daaa21204c07fcd84e2ef03bb5fd1/ruff-0.15.1-py3-none-linux_armv6l.whl", hash = "sha256:b101ed7cf4615bda6ffe65bdb59f964e9f4a0d3f85cbf0e54f0ab76d7b90228a", size = 10367819, upload-time = "2026-02-12T23:09:03.598Z" },
    { url = "https://files.pythonhosted.org/packages/b3/ea/c8f89d32e7912269d38c58f3649e453ac32c528f93bb7f4219258be2e7ed/ruff-0.15.1-py3-none-macosx_10_12_x86_64.whl", hash = "sha256:939c995e9277e63ea632cc8d3fae17aa758526f49a9a850d2e7e758bfef46602", size = 10798618, upload-time = "2026-02-12T23:09:22.928Z" },
    { url = "https://files.pythonhosted.org/packages/5e/0f/1d0d88bc862624247d82c20c10d4c0f6bb2f346559d8af281674cf327f15/ruff-0.15.1-py3-none-macosx_11_0_arm64.whl", hash = "sha256:1d83466455fdefe60b8d9c8df81d3c1bbb2115cede53549d3b522ce2bc703899", size = 10148518, upload-time = "2026-02-12T23:08:58.339Z" },
    { url = "https://files.pythonhosted.org/packages/f5/c8/291c49cefaa4a9248e986256df2ade7add79388fe179e0691be06fae6f37/ruff-0.15.1-py3-none-manylinux_2_17_aarch64.manylinux2014_aarch64.whl", hash = "sha256:a9457e3c3291024866222b96108ab2d8265b477e5b1534c7ddb1810904858d16", size = 10518811, upload-time = "2026-02-12T23:09:31.865Z" },
    { url = "https://files.pythonhosted.org/packages/c3/1a/f5707440e5ae43ffa5365cac8bbb91e9665f4a883f560893829cf16a606b/ruff-0.15.1-py3-none-manylinux_2_17_armv7l.manylinux2014_armv7l.whl", hash = "sha256:92c92b003e9d4f7fbd33b1867bb15a1b785b1735069108dfc23821ba045b29bc", size = 10196169, upload-time = "2026-02-12T23:09:17.306Z" },
    { url = "https://files.pythonhosted.org/packages/2a/ff/26ddc8c4da04c8fd3ee65a89c9fb99eaa5c30394269d424461467be2271f/ruff-0.15.1-py3-none-manylinux_2_17_i686.manylinux2014_i686.whl", hash = "sha256:1fe5c41ab43e3a06778844c586251eb5a510f67125427625f9eb2b9526535779", size = 10990491, upload-time = "2026-02-12T23:09:25.503Z" },
    { url = "https://files.pythonhosted.org/packages/fc/00/50920cb385b89413f7cdb4bb9bc8fc59c1b0f30028d8bccc294189a54955/ruff-0.15.1-py3-none-manylinux_2_17_ppc64le.manylinux2014_ppc64le.whl", hash = "sha256:66a6dd6df4d80dc382c6484f8ce1bcceb55c32e9f27a8b94c32f6c7331bf14fb", size = 11843280, upload-time = "2026-02-12T23:09:19.88Z" },
    { url = "https://files.pythonhosted.org/packages/5d/6d/2f5cad8380caf5632a15460c323ae326f1e1a2b5b90a6ee7519017a017ca/ruff-0.15.1-py3-none-manylinux_2_17_s390x.manylinux2014_s390x.whl", hash = "sha256:6a4a42cbb8af0bda9bcd7606b064d7c0bc311a88d141d02f78920be6acb5aa83", size = 11274336, upload-time = "2026-02-12T23:09:14.907Z" },
    { url = "https://files.pythonhosted.org/packages/a3/1d/5f56cae1d6c40b8a318513599b35ea4b075d7dc1cd1d04449578c29d1d75/ruff-0.15.1-py3-none-manylinux_2_17_x86_64.manylinux2014_x86_64.whl", hash = "sha256:4ab064052c31dddada35079901592dfba2e05f5b1e43af3954aafcbc1096a5b2", size = 11137288, upload-time = "2026-02-12T23:09:07.475Z" },
    { url = "https://files.pythonhosted.org/packages/cd/20/6f8d7d8f768c93b0382b33b9306b3b999918816da46537d5a61635514635/ruff-0.15.1-py3-none-manylinux_2_31_riscv64.whl", hash = "sha256:5631c940fe9fe91f817a4c2ea4e81f47bee3ca4aa646134a24374f3c19ad9454", size = 11070681, upload-time = "2026-02-12T23:08:55.43Z" },
    { url = "https://files.pythonhosted.org/packages/9a/67/d640ac76069f64cdea59dba02af2e00b1fa30e2103c7f8d049c0cff4cafd/ruff-0.15.1-py3-none-musllinux_1_2_aarch64.whl", hash = "sha256:68138a4ba184b4691ccdc39f7795c66b3c68160c586519e7e8444cf5a53e1b4c", size = 10486401, upload-time = "2026-02-12T23:09:27.927Z" },
    { url = "https://files.pythonhosted.org/packages/65/3d/e1429f64a3ff89297497916b88c32a5cc88eeca7e9c787072d0e7f1d3e1e/ruff-0.15.1-py3-none-musllinux_1_2_armv7l.whl", hash = "sha256:518f9af03bfc33c03bdb4cb63fabc935341bb7f54af500f92ac309ecfbba6330", size = 10197452, upload-time = "2026-02-12T23:09:12.147Z" },
    { url = "https://files.pythonhosted.org/packages/78/83/e2c3bade17dad63bf1e1c2ffaf11490603b760be149e1419b07049b36ef2/ruff-0.15.1-py3-none-musllinux_1_2_i686.whl", hash = "sha256:da79f4d6a826caaea95de0237a67e33b81e6ec2e25fc7e1993a4015dffca7c61", size = 10693900, upload-time = "2026-02-12T23:09:34.418Z" },
    { url = "https://files.pythonhosted.org/packages/a1/27/fdc0e11a813e6338e0706e8b39bb7a1d61ea5b36873b351acee7e524a72a/ruff-0.15.1-py3-none-musllinux_1_2_x86_64.whl", hash = "sha256:3dd86dccb83cd7d4dcfac303ffc277e6048600dfc22e38158afa208e8bf94a1f", size = 11227302, upload-time = "2026-02-12T23:09:36.536Z" },
    { url = "https://files.pythonhosted.org/packages/f6/58/ac864a75067dcbd3b95be5ab4eb2b601d7fbc3d3d736a27e391a4f92a5c1/ruff-0.15.1-py3-none-win32.whl", hash = "sha256:660975d9cb49b5d5278b12b03bb9951d554543a90b74ed5d366b20e2c57c2098", size = 10462555, upload-time = "2026-02-12T23:09:29.899Z" },
    { url = "https://files.pythonhosted.org/packages/e0/5e/d4ccc8a27ecdb78116feac4935dfc39d1304536f4296168f91ed3ec00cd2/ruff-0.15.1-py3-none-win_amd64.whl", hash = "sha256:c820fef9dd5d4172a6570e5721704a96c6679b80cf7be41659ed439653f62336", size = 11599956, upload-time = "2026-02-12T23:09:01.157Z" },
    { url = "https://files.pythonhosted.org/packages/2a/07/5bda6a85b220c64c65686bc85bd0bbb23b29c62b3a9f9433fa55f17cda93/ruff-0.15.1-py3-none-win_arm64.whl", hash = "sha256:5ff7d5f0f88567850f45081fac8f4ec212be8d0b963e385c3f7d0d2eb4899416", size = 10874604, upload-time = "2026-02-12T23:09:05.515Z" },
]

[[package]]
name = "uv"
version = "0.10.3"
source = { registry = "https://pypi.org/simple" }
sdist = { url = "https://files.pythonhosted.org/packages/60/ad/7e2de47ef90b2807572ca0410e7a2d5694b0afac6d31b559b6e2eff225e4/uv-0.10.3.tar.gz", hash = "sha256:56e15a90bf81a484e501f6ebc890024a47cb808800e18ecbc81f7d7668ff8b55", size = 3875449, upload-time = "2026-02-16T11:23:58.482Z" }
wheels = [
    { url = "https://files.pythonhosted.org/packages/67/a7/e90f9c2c0a4f80c65102fa444ba71a6fe1233e2c4dd55fb68b9bf5e50607/uv-0.10.3-py3-none-linux_armv6l.whl", hash = "sha256:de599782dfaa8ff818767cd07e6fbdcff41a7451a42c324b8a32862da7283148", size = 22331102, upload-time = "2026-02-16T11:24:17.531Z" },
    { url = "https://files.pythonhosted.org/packages/40/db/c5729ec39ed557ac673ca993abd71e5b18d71a92f95f1845152e639000ff/uv-0.10.3-py3-none-macosx_10_12_x86_64.whl", hash = "sha256:815717d3ed409ca7573d3f95125d6bcec6978d2236bddad7bc123ac12dc6cfbb", size = 21384482, upload-time = "2026-02-16T11:24:22.974Z" },
    { url = "https://files.pythonhosted.org/packages/0b/8c/cce26f6da9f69a9f0df032d642a4cb5603249f145c368e41b0154c463ca9/uv-0.10.3-py3-none-macosx_11_0_arm64.whl", hash = "sha256:52241dbefdc1be57aaa37171d27372252d64f3347a5df9e5b8ee3de49207f6ff", size = 20118525, upload-time = "2026-02-16T11:24:00.258Z" },
    { url = "https://files.pythonhosted.org/packages/e1/b2/bab536c11c24c49674820e8e2ebfa686db810d9776bdc5c47ba65beccc48/uv-0.10.3-py3-none-manylinux_2_17_aarch64.manylinux2014_aarch64.musllinux_1_1_aarch64.whl", hash = "sha256:4c5dbc7071c7f18ddf8e445ca59e2f4e4f34872ddffcb971c0ec2d0aee959b3e", size = 21869406, upload-time = "2026-02-16T11:24:08.153Z" },
    { url = "https://files.pythonhosted.org/packages/ed/0e/3dc97fde6e16c974a9f937fdbdf9af713f2b96873f97cd16c78dc6295116/uv-0.10.3-py3-none-manylinux_2_17_armv7l.manylinux2014_armv7l.musllinux_1_1_armv7l.whl", hash = "sha256:519d9449bf276395643358322c4199338ddf506d684001b12bd7777385d9f81c", size = 21953236, upload-time = "2026-02-16T11:23:56.348Z" },
    { url = "https://files.pythonhosted.org/packages/be/ea/6195af5b4d189d64f148a69991fa6335bf77d770c5eb763990787f0ebf65/uv-0.10.3-py3-none-manylinux_2_17_armv7l.manylinux2014_armv7l.whl", hash = "sha256:c8ac385bb93bd1b1d4f74f234a3a6e89033eb50976da5d5a4d15218a84c7247f", size = 21937189, upload-time = "2026-02-16T11:24:28.848Z" },
    { url = "https://files.pythonhosted.org/packages/f6/09/2b61660fd3058b751c591b906fe1e34a8308586bb283beafe9df5487c83d/uv-0.10.3-py3-none-manylinux_2_17_i686.manylinux2014_i686.whl", hash = "sha256:95e2bedd5b618621dc4320f3dc863c8f00e07084d8f4ab77b39ddbe7822ddeda", size = 23285307, upload-time = "2026-02-16T11:24:05.588Z" },
    { url = "https://files.pythonhosted.org/packages/06/02/32b1f98552498c0f390192a3496066e6470544ad8c552ae39ec1aea2b794/uv-0.10.3-py3-none-manylinux_2_17_ppc64le.manylinux2014_ppc64le.whl", hash = "sha256:b967705e8126ff33bf35d7531283bc5cf5096b8c2b7235772abfa55e1f174d14", size = 24021235, upload-time = "2026-02-16T11:24:14.91Z" },
    { url = "https://files.pythonhosted.org/packages/2e/77/feead72435bbd66ac12e452b98ac0798bf548135eb333f7597cefb43afe9/uv-0.10.3-py3-none-manylinux_2_17_s390x.manylinux2014_s390x.whl", hash = "sha256:ddd903aec32ac4810857ebdbc526dd9624d70c549d0b0410ea06c617a89af7b6", size = 23124930, upload-time = "2026-02-16T11:23:47.418Z" },
    { url = "https://files.pythonhosted.org/packages/ce/de/0638d8aa83c2038c5f820151006b3bf372d109afbfdb2a8fc59187cc3690/uv-0.10.3-py3-none-manylinux_2_17_x86_64.manylinux2014_x86_64.whl", hash = "sha256:f8daf6530d6496da799dd53a4bfafe138b412a714ea0bff34472c1267229054c", size = 23085652, upload-time = "2026-02-16T11:24:02.865Z" },
    { url = "https://files.pythonhosted.org/packages/f1/cc/1e83561367d78d3d0c0aa7eca89cd635d1e67865ed07067015a055755de9/uv-0.10.3-py3-none-manylinux_2_28_aarch64.whl", hash = "sha256:d930818bfa78976d68dac888123e6dda8e6fc506f0baf5058d8b4e7f514c8e17", size = 21937422, upload-time = "2026-02-16T11:23:44.725Z" },
    { url = "https://files.pythonhosted.org/packages/fc/f7/4c248d6bc67c99828ef741f8090790f11bd522bded48bb8b6d7f18b7f924/uv-0.10.3-py3-none-manylinux_2_31_riscv64.whl", hash = "sha256:9c67056288d0e7a000c926545cf9a7e37fd6f29cae2a0b36f2e8c905165dc99c", size = 22750461, upload-time = "2026-02-16T11:23:50.364Z" },
    { url = "https://files.pythonhosted.org/packages/6e/3a/52f1009c8e035253b94f3f255272e468fb553f1f8a9233b8acf5b3a9891f/uv-0.10.3-py3-none-musllinux_1_1_i686.whl", hash = "sha256:8868ae00305a4c4d0daeb6a2b3a7eef41e11e376176fbd8746288477c75fd674", size = 22461429, upload-time = "2026-02-16T11:23:53.892Z" },
    { url = "https://files.pythonhosted.org/packages/93/a3/980c999480d3f0391f4c8d62c71404b9f096f15c49c644696e9e4d15586c/uv-0.10.3-py3-none-musllinux_1_1_x86_64.whl", hash = "sha256:037d93c77acb344ef28eac9ab554e5c237452b90ca4869830104397f2fb798a1", size = 23288496, upload-time = "2026-02-16T11:24:11.676Z" },
    { url = "https://files.pythonhosted.org/packages/bb/d6/5ccb14e919d43389d3746586d26649c45221deaafdddd714559f8f813b5f/uv-0.10.3-py3-none-win32.whl", hash = "sha256:d13307f74ce7b9f04962e12198a6c86b7032435979e1c1fd3845cce9b4b8befa", size = 21359743, upload-time = "2026-02-16T11:24:25.737Z" },
    { url = "https://files.pythonhosted.org/packages/d5/95/89b9caeb4007d950dfa5fa5923c2ea67de541de0e3582598b7b9c7eeac53/uv-0.10.3-py3-none-win_amd64.whl", hash = "sha256:4f2fa16083b6c5277f81c5b3ea4bf12e25e6d16c2a71c3c794506bd080c5afe6", size = 23837765, upload-time = "2026-02-16T11:24:31.465Z" },
    { url = "https://files.pythonhosted.org/packages/50/f6/324e84432441b8c03bf65724fabb11d8c7ccdac98e39bd717e4a72b838de/uv-0.10.3-py3-none-win_arm64.whl", hash = "sha256:f86596b464d6fb7951890708fdb907744cbd326464d6a5326919a6859eaefca2", size = 22178302, upload-time = "2026-02-16T11:24:20.036Z" },
]
